
Microsoft Visual Studio Solution File, Format Version 12.00
# Visual Studio Version 16
VisualStudioVersion = 16.0.30611.23
MinimumVisualStudioVersion = 10.0.40219.1
Project("{9A19103F-16F7-4668-BE54-9A1E7A4F7556}") = "ProxySample", "ProxySample.csproj", "{1E6DC89C-0E1F-4234-8703-161E6E04EB0F}"
EndProject
Global
	GlobalSection(SolutionConfigurationPlatforms) = preSolution
		Debug|Any CPU = Debug|Any CPU
		Release|Any CPU = Release|Any CPU
	EndGlobalSection
	GlobalSection(ProjectConfigurationPlatforms) = postSolution
		{1E6DC89C-0E1F-4234-8703-161E6E04EB0F}.Debug|Any CPU.ActiveCfg = Debug|Any CPU
		{1E6DC89C-0E1F-4234-8703-161E6E04EB0F}.Debug|Any CPU.Build.0 = Debug|Any CPU
		{1E6DC89C-0E1F-4234-8703-161E6E04EB0F}.Release|Any CPU.ActiveCfg = Release|Any CPU
		{1E6DC89C-0E1F-4234-8703-161E6E04EB0F}.Release|Any CPU.Build.0 = Release|Any CPU
	EndGlobalSection
	GlobalSection(SolutionProperties) = preSolution
		HideSolutionNode = FALSE
	EndGlobalSection
	GlobalSection(ExtensibilityGlobals) = postSolution
		SolutionGuid = {26DC893A-C177-4012-80DF-15B75BC153B7}
	EndGlobalSection
EndGlobal
